Microsoft Visual Studio Solution File, Format Version 12.00
# Visual Studio Version 17
VisualStudioVersion = 17.5.2.0
MinimumVisualStudioVersion = 10.0.40219.1
Project("{FAE04EC0-301F-11D3-BF4B-00C04F79EFBC}") = "xCloneBackEnd", "xCloneBackEnd.csproj", "{35B8B814-A897-77AA-F1E6-82A43BD01AF5}"
EndProject
Global
	GlobalSection(SolutionConfigurationPlatforms) = preSolution
		Debug|Any CPU = Debug|Any CPU
		Release|Any CPU = Release|Any CPU
	EndGlobalSection
	GlobalSection(ProjectConfigurationPlatforms) = postSolution
		{35B8B814-A897-77AA-F1E6-82A43BD01AF5}.Debug|Any CPU.ActiveCfg = Debug|Any CPU
		{35B8B814-A897-77AA-F1E6-82A43BD01AF5}.Debug|Any CPU.Build.0 = Debug|Any CPU
		{35B8B814-A897-77AA-F1E6-82A43BD01AF5}.Release|Any CPU.ActiveCfg = Release|Any CPU
		{35B8B814-A897-77AA-F1E6-82A43BD01AF5}.Release|Any CPU.Build.0 = Release|Any CPU
	EndGlobalSection
	GlobalSection(SolutionProperties) = preSolution
		HideSolutionNode = FALSE
	EndGlobalSection
	GlobalSection(ExtensibilityGlobals) = postSolution
		SolutionGuid = {678D6B34-E9AE-470E-9936-095783568054}
	EndGlobalSection
EndGlobal
